schema: '2.0'
stages:
  preprocess:
    cmd: python src/preprocess.py
    deps:
    - path: data/raw/a1_RestaurantReviews_HistoricDump.tsv
      hash: md5
      md5: 102f1f4193e0bdebdd6cce7f13e0a839
      size: 54686
      isexec: true
    - path: src/preprocess.py
      hash: md5
      md5: 37543de18d9190e9202e46c469610e3a
      size: 1629
      isexec: true
    outs:
    - path: artifacts/c1_BoW_Sentiment_Model_local.pkl
      hash: md5
      md5: 2434a22bc6febe903214f1dce7a491b4
      size: 39832
      isexec: true
    - path: artifacts/preprocessed_data_local.pkl
      hash: md5
      md5: 25f6d837d7e6aaa648158a5d45175521
      size: 10231517
      isexec: true
  train:
    cmd: python src/train.py
    deps:
    - path: artifacts/preprocessed_data_local.pkl
      hash: md5
      md5: 25f6d837d7e6aaa648158a5d45175521
      size: 10231517
      isexec: true
    - path: params.yaml
      hash: md5
      md5: 8be7069a3464de6c5107f2e9bda200f7
      size: 125
      isexec: true
    - path: src/train.py
      hash: md5
      md5: 50b7cc3d5dba09794ad6a8bb85292c59
      size: 2280
      isexec: true
    params:
      params.yaml:
        train.cross_validation: 5
        train.grid_search.max_depth:
        - 
        - 10
        - 20
        train.grid_search.n_estimators:
        - 50
        - 100
        - 200
        train.random_state: 42
    outs:
    - path: artifacts/trained_model_local.pkl
      hash: md5
      md5: 5ca2e1c90dfd9bc5cd54cded9d6caa6d
      size: 8203440
      isexec: true
  evaluate:
    cmd: python src/evaluate.py
    deps:
    - path: artifacts/preprocessed_data_local.pkl
      hash: md5
      md5: 25f6d837d7e6aaa648158a5d45175521
      size: 10231517
      isexec: true
    - path: artifacts/trained_model_local.pkl
      hash: md5
      md5: 5ca2e1c90dfd9bc5cd54cded9d6caa6d
      size: 8203440
      isexec: true
    - path: src/evaluate.py
      hash: md5
      md5: dc06654a9b1c85a7148c9516a2d60cf3
      size: 2552
      isexec: true
    outs:
    - path: artifacts/metrics_local.json
      hash: md5
      md5: 3ec994b29e368eb78799b69672e73729
      size: 945
      isexec: true
    - path: artifacts/sentiment_model_local.pkl
      hash: md5
      md5: 2e5d0d954382d62887ebea9796eccfc6
      size: 8203484
      isexec: true
